// !$*UTF8*$!
{
	archiveVersion = 1;
	classes = {
	};
	objectVersion = 56;
	objects = {

/* Begin PBXBuildFile section */
		6D3B5FAB2A57CEB900466F6E /* AppDelegate.swift in Sources */ = {isa = PBXBuildFile; fileRef = 6D3B5FAA2A57CEB900466F6E /* AppDelegate.swift */; };
		6D3B5FAD2A57CEB900466F6E /* SceneDelegate.swift in Sources */ = {isa = PBXBuildFile; fileRef = 6D3B5FAC2A57CEB900466F6E /* SceneDelegate.swift */; };
		6D3B5FAF2A57CEB900466F6E /* ViewController.swift in Sources */ = {isa = PBXBuildFile; fileRef = 6D3B5FAE2A57CEB900466F6E /* ViewController.swift */; };
		6D3B5FB22A57CEB900466F6E /* Main.storyboard in Resources */ = {isa = PBXBuildFile; fileRef = 6D3B5FB02A57CEB900466F6E /* Main.storyboard */; };
		6D3B5FB42A57CEBA00466F6E /* Assets.xcassets in Resources */ = {isa = PBXBuildFile; fileRef = 6D3B5FB32A57CEBA00466F6E /* Assets.xcassets */; };
		6D3B5FB72A57CEBA00466F6E /* LaunchScreen.storyboard in Resources */ = {isa = PBXBuildFile; fileRef = 6D3B5FB52A57CEBA00466F6E /* LaunchScreen.storyboard */; };
		6D3B5FC02A57D39A00466F6E /* RxCocoa in Frameworks */ = {isa = PBXBuildFile; productRef = 6D3B5FBF2A57D39A00466F6E /* RxCocoa */; };
		6D3B5FC22A57D39A00466F6E /* RxSwift in Frameworks */ = {isa = PBXBuildFile; productRef = 6D3B5FC12A57D39A00466F6E /* RxSwift */; };
		6D3B5FC52A57D3ED00466F6E /* Realm in Frameworks */ = {isa = PBXBuildFile; productRef = 6D3B5FC42A57D3ED00466F6E /* Realm */; };
		6D3B5FC72A57D3ED00466F6E /* RealmSwift in Frameworks */ = {isa = PBXBuildFile; productRef = 6D3B5FC62A57D3ED00466F6E /* RealmSwift */; };
		6D3B5FC92A57E12C00466F6E /* ToDoModel.swift in Sources */ = {isa = PBXBuildFile; fileRef = 6D3B5FC82A57E12C00466F6E /* ToDoModel.swift */; };
		6D3B5FCB2A57E21400466F6E /* NotificationManager.swift in Sources */ = {isa = PBXBuildFile; fileRef = 6D3B5FCA2A57E21400466F6E /* NotificationManager.swift */; };
		6D3B5FCD2A57E2B000466F6E /* Format.swift in Sources */ = {isa = PBXBuildFile; fileRef = 6D3B5FCC2A57E2B000466F6E /* Format.swift */; };
		6D3B5FD12A57E5BE00466F6E /* Errors.swift in Sources */ = {isa = PBXBuildFile; fileRef = 6D3B5FD02A57E5BE00466F6E /* Errors.swift */; };
		6D3B5FD32A57E62200466F6E /* CompletionFlag.swift in Sources */ = {isa = PBXBuildFile; fileRef = 6D3B5FD22A57E62200466F6E /* CompletionFlag.swift */; };
		6D3B5FD52A57FA5E00466F6E /* TodoListViewModel.swift in Sources */ = {isa = PBXBuildFile; fileRef = 6D3B5FD42A57FA5E00466F6E /* TodoListViewModel.swift */; };
		6D3B5FE02A580DD400466F6E /* TodoCell.swift in Sources */ = {isa = PBXBuildFile; fileRef = 6D3B5FDE2A580DD400466F6E /* TodoCell.swift */; };
		6D3B5FE12A580DD400466F6E /* TodoCell.xib in Resources */ = {isa = PBXBuildFile; fileRef = 6D3B5FDF2A580DD400466F6E /* TodoCell.xib */; };
		6DDE64022A5BA3D600C2061A /* InputTodoViewController.swift in Sources */ = {isa = PBXBuildFile; fileRef = 6DDE64002A5BA3D600C2061A /* InputTodoViewController.swift */; };
		6DDE64032A5BA3D600C2061A /* InputTodoViewController.xib in Resources */ = {isa = PBXBuildFile; fileRef = 6DDE64012A5BA3D600C2061A /* InputTodoViewController.xib */; };
/* End PBXBuildFile section */

/* Begin PBXFileReference section */
		6D3B5FA72A57CEB900466F6E /* TodoList_iOS_RxSwift.app */ = {isa = PBXFileReference; explicitFileType = wrapper.application; includeInIndex = 0; path = TodoList_iOS_RxSwift.app; sourceTree = BUILT_PRODUCTS_DIR; };
		6D3B5FAA2A57CEB900466F6E /* AppDelegate.swift */ = {isa = PBXFileReference; lastKnownFileType = sourcecode.swift; path = AppDelegate.swift; sourceTree = "<group>"; };
		6D3B5FAC2A57CEB900466F6E /* SceneDelegate.swift */ = {isa = PBXFileReference; lastKnownFileType = sourcecode.swift; path = SceneDelegate.swift; sourceTree = "<group>"; };
		6D3B5FAE2A57CEB900466F6E /* ViewController.swift */ = {isa = PBXFileReference; lastKnownFileType = sourcecode.swift; path = ViewController.swift; sourceTree = "<group>"; };
		6D3B5FB12A57CEB900466F6E /* Base */ = {isa = PBXFileReference; lastKnownFileType = file.storyboard; name = Base; path = Base.lproj/Main.storyboard; sourceTree = "<group>"; };
		6D3B5FB32A57CEBA00466F6E /* Assets.xcassets */ = {isa = PBXFileReference; lastKnownFileType = folder.assetcatalog; path = Assets.xcassets; sourceTree = "<group>"; };
		6D3B5FB62A57CEBA00466F6E /* Base */ = {isa = PBXFileReference; lastKnownFileType = file.storyboard; name = Base; path = Base.lproj/LaunchScreen.storyboard; sourceTree = "<group>"; };
		6D3B5FB82A57CEBA00466F6E /* Info.plist */ = {isa = PBXFileReference; lastKnownFileType = text.plist.xml; path = Info.plist; sourceTree = "<group>"; };
		6D3B5FC82A57E12C00466F6E /* ToDoModel.swift */ = {isa = PBXFileReference; lastKnownFileType = sourcecode.swift; path = ToDoModel.swift; sourceTree = "<group>"; };
		6D3B5FCA2A57E21400466F6E /* NotificationManager.swift */ = {isa = PBXFileReference; lastKnownFileType = sourcecode.swift; path = NotificationManager.swift; sourceTree = "<group>"; };
		6D3B5FCC2A57E2B000466F6E /* Format.swift */ = {isa = PBXFileReference; lastKnownFileType = sourcecode.swift; path = Format.swift; sourceTree = "<group>"; };
		6D3B5FD02A57E5BE00466F6E /* Errors.swift */ = {isa = PBXFileReference; lastKnownFileType = sourcecode.swift; path = Errors.swift; sourceTree = "<group>"; };
		6D3B5FD22A57E62200466F6E /* CompletionFlag.swift */ = {isa = PBXFileReference; lastKnownFileType = sourcecode.swift; path = CompletionFlag.swift; sourceTree = "<group>"; };
		6D3B5FD42A57FA5E00466F6E /* TodoListViewModel.swift */ = {isa = PBXFileReference; lastKnownFileType = sourcecode.swift; path = TodoListViewModel.swift; sourceTree = "<group>"; };
		6D3B5FDE2A580DD400466F6E /* TodoCell.swift */ = {isa = PBXFileReference; lastKnownFileType = sourcecode.swift; path = TodoCell.swift; sourceTree = "<group>"; };
		6D3B5FDF2A580DD400466F6E /* TodoCell.xib */ = {isa = PBXFileReference; lastKnownFileType = file.xib; path = TodoCell.xib; sourceTree = "<group>"; };
		6DDE64002A5BA3D600C2061A /* InputTodoViewController.swift */ = {isa = PBXFileReference; lastKnownFileType = sourcecode.swift; path = InputTodoViewController.swift; sourceTree = "<group>"; };
		6DDE64012A5BA3D600C2061A /* InputTodoViewController.xib */ = {isa = PBXFileReference; lastKnownFileType = file.xib; path = InputTodoViewController.xib; sourceTree = "<group>"; };
/* End PBXFileReference section */

/* Begin PBXFrameworksBuildPhase section */
		6D3B5FA42A57CEB900466F6E /* Frameworks */ = {
			isa = PBXFrameworksBuildPhase;
			buildActionMask = 2147483647;
			files = (
				6D3B5FC72A57D3ED00466F6E /* RealmSwift in Frameworks */,
				6D3B5FC52A57D3ED00466F6E /* Realm in Frameworks */,
				6D3B5FC22A57D39A00466F6E /* RxSwift in Frameworks */,
				6D3B5FC02A57D39A00466F6E /* RxCocoa in Frameworks */,
			);
			runOnlyForDeploymentPostprocessing = 0;
		};
/* End PBXFrameworksBuildPhase section */

/* Begin PBXGroup section */
		6D3B5F9E2A57CEB900466F6E = {
			isa = PBXGroup;
			children = (
				6D3B5FA92A57CEB900466F6E /* TodoList_iOS_RxSwift */,
				6D3B5FA82A57CEB900466F6E /* Products */,
			);
			sourceTree = "<group>";
		};
		6D3B5FA82A57CEB900466F6E /* Products */ = {
			isa = PBXGroup;
			children = (
				6D3B5FA72A57CEB900466F6E /* TodoList_iOS_RxSwift.app */,
			);
			name = Products;
			sourceTree = "<group>";
		};
		6D3B5FA92A57CEB900466F6E /* TodoList_iOS_RxSwift */ = {
			isa = PBXGroup;
			children = (
				6D3B5FAA2A57CEB900466F6E /* AppDelegate.swift */,
				6D3B5FAC2A57CEB900466F6E /* SceneDelegate.swift */,
				6D3B5FDC2A580C9900466F6E /* Screen */,
				6D3B5FDA2A580C8000466F6E /* View */,
				6D3B5FCF2A57E3AF00466F6E /* Model */,
				6D3B5FCE2A57E3A300466F6E /* Other */,
				6D3B5FB32A57CEBA00466F6E /* Assets.xcassets */,
				6D3B5FB52A57CEBA00466F6E /* LaunchScreen.storyboard */,
				6D3B5FB82A57CEBA00466F6E /* Info.plist */,
			);
			path = TodoList_iOS_RxSwift;
			sourceTree = "<group>";
		};
		6D3B5FCE2A57E3A300466F6E /* Other */ = {
			isa = PBXGroup;
			children = (
				6D3B5FD02A57E5BE00466F6E /* Errors.swift */,
				6D3B5FD22A57E62200466F6E /* CompletionFlag.swift */,
				6D3B5FCA2A57E21400466F6E /* NotificationManager.swift */,
				6D3B5FCC2A57E2B000466F6E /* Format.swift */,
			);
			path = Other;
			sourceTree = "<group>";
		};
		6D3B5FCF2A57E3AF00466F6E /* Model */ = {
			isa = PBXGroup;
			children = (
				6D3B5FC82A57E12C00466F6E /* ToDoModel.swift */,
			);
			path = Model;
			sourceTree = "<group>";
		};
		6D3B5FDA2A580C8000466F6E /* View */ = {
			isa = PBXGroup;
			children = (
				6D3B5FDB2A580C8D00466F6E /* Cell */,
			);
			path = View;
			sourceTree = "<group>";
		};
		6D3B5FDB2A580C8D00466F6E /* Cell */ = {
			isa = PBXGroup;
			children = (
				6D3B5FDE2A580DD400466F6E /* TodoCell.swift */,
				6D3B5FDF2A580DD400466F6E /* TodoCell.xib */,
			);
			path = Cell;
			sourceTree = "<group>";
		};
		6D3B5FDC2A580C9900466F6E /* Screen */ = {
			isa = PBXGroup;
			children = (
				6D3B5FDD2A580CA700466F6E /* TodoListView */,
				6DDE64002A5BA3D600C2061A /* InputTodoViewController.swift */,
				6DDE64012A5BA3D600C2061A /* InputTodoViewController.xib */,
			);
			path = Screen;
			sourceTree = "<group>";
		};
		6D3B5FDD2A580CA700466F6E /* TodoListView */ = {
			isa = PBXGroup;
			children = (
				6D3B5FB02A57CEB900466F6E /* Main.storyboard */,
				6D3B5FAE2A57CEB900466F6E /* ViewController.swift */,
				6D3B5FD42A57FA5E00466F6E /* TodoListViewModel.swift */,
			);
			path = TodoListView;
			sourceTree = "<group>";
		};
/* End PBXGroup section */

/* Begin PBXNativeTarget section */
		6D3B5FA62A57CEB900466F6E /* TodoList_iOS_RxSwift */ = {
			isa = PBXNativeTarget;
			buildConfigurationList = 6D3B5FBB2A57CEBA00466F6E /* Build configuration list for PBXNativeTarget "TodoList_iOS_RxSwift" */;
			buildPhases = (
				6D3B5FA32A57CEB900466F6E /* Sources */,
				6D3B5FA42A57CEB900466F6E /* Frameworks */,
				6D3B5FA52A57CEB900466F6E /* Resources */,
			);
			buildRules = (
			);
			dependencies = (
			);
			name = TodoList_iOS_RxSwift;
			packageProductDependencies = (
				6D3B5FBF2A57D39A00466F6E /* RxCocoa */,
				6D3B5FC12A57D39A00466F6E /* RxSwift */,
				6D3B5FC42A57D3ED00466F6E /* Realm */,
				6D3B5FC62A57D3ED00466F6E /* RealmSwift */,
			);
			productName = TodoList_iOS_RxSwift;
			productReference = 6D3B5FA72A57CEB900466F6E /* TodoList_iOS_RxSwift.app */;
			productType = "com.apple.product-type.application";
		};
/* End PBXNativeTarget section */

/* Begin PBXProject section */
		6D3B5F9F2A57CEB900466F6E /* Project object */ = {
			isa = PBXProject;
			attributes = {
				BuildIndependentTargetsInParallel = 1;
				LastSwiftUpdateCheck = 1430;
				LastUpgradeCheck = 1430;
				TargetAttributes = {
					6D3B5FA62A57CEB900466F6E = {
						CreatedOnToolsVersion = 14.3.1;
					};
				};
			};
			buildConfigurationList = 6D3B5FA22A57CEB900466F6E /* Build configuration list for PBXProject "TodoList_iOS_RxSwift" */;
			compatibilityVersion = "Xcode 14.0";
			developmentRegion = en;
			hasScannedForEncodings = 0;
			knownRegions = (
				en,
				Base,
			);
			mainGroup = 6D3B5F9E2A57CEB900466F6E;
			packageReferences = (
				6D3B5FBE2A57D39A00466F6E /* XCRemoteSwiftPackageReference "RxSwift" */,
				6D3B5FC32A57D3ED00466F6E /* XCRemoteSwiftPackageReference "realm-swift" */,
			);
			productRefGroup = 6D3B5FA82A57CEB900466F6E /* Products */;
			projectDirPath = "";
			projectRoot = "";
			targets = (
				6D3B5FA62A57CEB900466F6E /* TodoList_iOS_RxSwift */,
			);
		};
/* End PBXProject section */

/* Begin PBXResourcesBuildPhase section */
		6D3B5FA52A57CEB900466F6E /* Resources */ = {
			isa = PBXResourcesBuildPhase;
			buildActionMask = 2147483647;
			files = (
				6D3B5FB72A57CEBA00466F6E /* LaunchScreen.storyboard in Resources */,
				6D3B5FB42A57CEBA00466F6E /* Assets.xcassets in Resources */,
				6D3B5FB22A57CEB900466F6E /* Main.storyboard in Resources */,
				6D3B5FE12A580DD400466F6E /* TodoCell.xib in Resources */,
				6DDE64032A5BA3D600C2061A /* InputTodoViewController.xib in Resources */,
			);
			runOnlyForDeploymentPostprocessing = 0;
		};
/* End PBXResourcesBuildPhase section */

/* Begin PBXSourcesBuildPhase section */
		6D3B5FA32A57CEB900466F6E /* Sources */ = {
			isa = PBXSourcesBuildPhase;
			buildActionMask = 2147483647;
			files = (
				6D3B5FAF2A57CEB900466F6E /* ViewController.swift in Sources */,
				6D3B5FC92A57E12C00466F6E /* ToDoModel.swift in Sources */,
				6D3B5FCD2A57E2B000466F6E /* Format.swift in Sources */,
				6D3B5FE02A580DD400466F6E /* TodoCell.swift in Sources */,
				6D3B5FD32A57E62200466F6E /* CompletionFlag.swift in Sources */,
				6D3B5FD52A57FA5E00466F6E /* TodoListViewModel.swift in Sources */,
				6D3B5FCB2A57E21400466F6E /* NotificationManager.swift in Sources */,
				6D3B5FAB2A57CEB900466F6E /* AppDelegate.swift in Sources */,
				6D3B5FAD2A57CEB900466F6E /* SceneDelegate.swift in Sources */,
				6D3B5FD12A57E5BE00466F6E /* Errors.swift in Sources */,
				6DDE64022A5BA3D600C2061A /* InputTodoViewController.swift in Sources */,
			);
			runOnlyForDeploymentPostprocessing = 0;
		};
/* End PBXSourcesBuildPhase section */

/* Begin PBXVariantGroup section */
		6D3B5FB02A57CEB900466F6E /* Main.storyboard */ = {
			isa = PBXVariantGroup;
			children = (
				6D3B5FB12A57CEB900466F6E /* Base */,
			);
			name = Main.storyboard;
			sourceTree = "<group>";
		};
		6D3B5FB52A57CEBA00466F6E /* LaunchScreen.storyboard */ = {
			isa = PBXVariantGroup;
			children = (
				6D3B5FB62A57CEBA00466F6E /* Base */,
			);
			name = LaunchScreen.storyboard;
			sourceTree = "<group>";
		};
/* End PBXVariantGroup section */

/* Begin XCBuildConfiguration section */
		6D3B5FB92A57CEBA00466F6E /* Debug */ = {
			isa = XCBuildConfiguration;
			buildSettings = {
				ALWAYS_SEARCH_USER_PATHS = NO;
				CLANG_ANALYZER_NONNULL = YES;
				CLANG_ANALYZER_NUMBER_OBJECT_CONVERSION = YES_AGGRESSIVE;
				CLANG_CXX_LANGUAGE_STANDARD = "gnu++20";
				CLANG_ENABLE_MODULES = YES;
				CLANG_ENABLE_OBJC_ARC = YES;
				CLANG_ENABLE_OBJC_WEAK = YES;
				CLANG_WARN_BLOCK_CAPTURE_AUTORELEASING = YES;
				CLANG_WARN_BOOL_CONVERSION = YES;
				CLANG_WARN_COMMA = YES;
				CLANG_WARN_CONSTANT_CONVERSION = YES;
				CLANG_WARN_DEPRECATED_OBJC_IMPLEMENTATIONS = YES;
				CLANG_WARN_DIRECT_OBJC_ISA_USAGE = YES_ERROR;
				CLANG_WARN_DOCUMENTATION_COMMENTS = YES;
				CLANG_WARN_EMPTY_BODY = YES;
				CLANG_WARN_ENUM_CONVERSION = YES;
				CLANG_WARN_INFINITE_RECURSION = YES;
				CLANG_WARN_INT_CONVERSION = YES;
				CLANG_WARN_NON_LITERAL_NULL_CONVERSION = YES;
				CLANG_WARN_OBJC_IMPLICIT_RETAIN_SELF = YES;
				CLANG_WARN_OBJC_LITERAL_CONVERSION = YES;
				CLANG_WARN_OBJC_ROOT_CLASS = YES_ERROR;
				CLANG_WARN_QUOTED_INCLUDE_IN_FRAMEWORK_HEADER = YES;
				CLANG_WARN_RANGE_LOOP_ANALYSIS = YES;
				CLANG_WARN_STRICT_PROTOTYPES = YES;
				CLANG_WARN_SUSPICIOUS_MOVE = YES;
				CLANG_WARN_UNGUARDED_AVAILABILITY = YES_AGGRESSIVE;
				CLANG_WARN_UNREACHABLE_CODE = YES;
				CLANG_WARN__DUPLICATE_METHOD_MATCH = YES;
				COPY_PHASE_STRIP = NO;
				DEBUG_INFORMATION_FORMAT = dwarf;
				ENABLE_STRICT_OBJC_MSGSEND = YES;
				ENABLE_TESTABILITY = YES;
				GCC_C_LANGUAGE_STANDARD = gnu11;
				GCC_DYNAMIC_NO_PIC = NO;
				GCC_NO_COMMON_BLOCKS = YES;
				GCC_OPTIMIZATION_LEVEL = 0;
				GCC_PREPROCESSOR_DEFINITIONS = (
					"DEBUG=1",
					"$(inherited)",
				);
				GCC_WARN_64_TO_32_BIT_CONVERSION = YES;
				GCC_WARN_ABOUT_RETURN_TYPE = YES_ERROR;
				GCC_WARN_UNDECLARED_SELECTOR = YES;
				GCC_WARN_UNINITIALIZED_AUTOS = YES_AGGRESSIVE;
				GCC_WARN_UNUSED_FUNCTION = YES;
				GCC_WARN_UNUSED_VARIABLE = YES;
				IPHONEOS_DEPLOYMENT_TARGET = 15.0;
				MTL_ENABLE_DEBUG_INFO = INCLUDE_SOURCE;
				MTL_FAST_MATH = YES;
				ONLY_ACTIVE_ARCH = YES;
				SDKROOT = iphoneos;
				SWIFT_ACTIVE_COMPILATION_CONDITIONS = DEBUG;
				SWIFT_OPTIMIZATION_LEVEL = "-Onone";
			};
			name = Debug;
		};
		6D3B5FBA2A57CEBA00466F6E /* Release */ = {
			isa = XCBuildConfiguration;
			buildSettings = {
				ALWAYS_SEARCH_USER_PATHS = NO;
				CLANG_ANALYZER_NONNULL = YES;
				CLANG_ANALYZER_NUMBER_OBJECT_CONVERSION = YES_AGGRESSIVE;
				CLANG_CXX_LANGUAGE_STANDARD = "gnu++20";
				CLANG_ENABLE_MODULES = YES;
				CLANG_ENABLE_OBJC_ARC = YES;
				CLANG_ENABLE_OBJC_WEAK = YES;
				CLANG_WARN_BLOCK_CAPTURE_AUTORELEASING = YES;
				CLANG_WARN_BOOL_CONVERSION = YES;
				CLANG_WARN_COMMA = YES;
				CLANG_WARN_CONSTANT_CONVERSION = YES;
				CLANG_WARN_DEPRECATED_OBJC_IMPLEMENTATIONS = YES;
				CLANG_WARN_DIRECT_OBJC_ISA_USAGE = YES_ERROR;
				CLANG_WARN_DOCUMENTATION_COMMENTS = YES;
				CLANG_WARN_EMPTY_BODY = YES;
				CLANG_WARN_ENUM_CONVERSION = YES;
				CLANG_WARN_INFINITE_RECURSION = YES;
				CLANG_WARN_INT_CONVERSION = YES;
				CLANG_WARN_NON_LITERAL_NULL_CONVERSION = YES;
				CLANG_WARN_OBJC_IMPLICIT_RETAIN_SELF = YES;
				CLANG_WARN_OBJC_LITERAL_CONVERSION = YES;
				CLANG_WARN_OBJC_ROOT_CLASS = YES_ERROR;
				CLANG_WARN_QUOTED_INCLUDE_IN_FRAMEWORK_HEADER = YES;
				CLANG_WARN_RANGE_LOOP_ANALYSIS = YES;
				CLANG_WARN_STRICT_PROTOTYPES = YES;
				CLANG_WARN_SUSPICIOUS_MOVE = YES;
				CLANG_WARN_UNGUARDED_AVAILABILITY = YES_AGGRESSIVE;
				CLANG_WARN_UNREACHABLE_CODE = YES;
				CLANG_WARN__DUPLICATE_METHOD_MATCH = YES;
				COPY_PHASE_STRIP = NO;
				DEBUG_INFORMATION_FORMAT = "dwarf-with-dsym";
				ENABLE_NS_ASSERTIONS = NO;
				ENABLE_STRICT_OBJC_MSGSEND = YES;
				GCC_C_LANGUAGE_STANDARD = gnu11;
				GCC_NO_COMMON_BLOCKS = YES;
				GCC_WARN_64_TO_32_BIT_CONVERSION = YES;
				GCC_WARN_ABOUT_RETURN_TYPE = YES_ERROR;
				GCC_WARN_UNDECLARED_SELECTOR = YES;
				GCC_WARN_UNINITIALIZED_AUTOS = YES_AGGRESSIVE;
				GCC_WARN_UNUSED_FUNCTION = YES;
				GCC_WARN_UNUSED_VARIABLE = YES;
				IPHONEOS_DEPLOYMENT_TARGET = 15.0;
				MTL_ENABLE_DEBUG_INFO = NO;
				MTL_FAST_MATH = YES;
				SDKROOT = iphoneos;
				SWIFT_COMPILATION_MODE = wholemodule;
				SWIFT_OPTIMIZATION_LEVEL = "-O";
				VALIDATE_PRODUCT = YES;
			};
			name = Release;
		};
		6D3B5FBC2A57CEBA00466F6E /* Debug */ = {
			isa = XCBuildConfiguration;
			buildSettings = {
				ASSETCATALOG_COMPILER_APPICON_NAME = AppIcon;
				ASSETCATALOG_COMPILER_GLOBAL_ACCENT_COLOR_NAME = AccentColor;
				CODE_SIGN_STYLE = Automatic;
				CURRENT_PROJECT_VERSION = 1;
				DEVELOPMENT_TEAM = 7RPFL7EXKD;
				GENERATE_INFOPLIST_FILE = YES;
				INFOPLIST_FILE = TodoList_iOS_RxSwift/Info.plist;
				INFOPLIST_KEY_UIApplicationSupportsIndirectInputEvents = YES;
				INFOPLIST_KEY_UILaunchStoryboardName = LaunchScreen;
				INFOPLIST_KEY_UIMainStoryboardFile = Main;
				INFOPLIST_KEY_UISupportedInterfaceOrientations = UIInterfaceOrientationPortrait;
				LD_RUNPATH_SEARCH_PATHS = (
					"$(inherited)",
					"@executable_path/Frameworks",
				);
				MARKETING_VERSION = 1.0;
				PRODUCT_BUNDLE_IDENTIFIER = "masaharu.dobashi.TodoList-iOS-RxSwift";
				PRODUCT_NAME = "$(TARGET_NAME)";
				SUPPORTED_PLATFORMS = "iphoneos iphonesimulator";
				SUPPORTS_MACCATALYST = NO;
				SUPPORTS_MAC_DESIGNED_FOR_IPHONE_IPAD = NO;
				SWIFT_EMIT_LOC_STRINGS = YES;
				SWIFT_VERSION = 5.0;
				TARGETED_DEVICE_FAMILY = "1,2";
			};
			name = Debug;
		};
		6D3B5FBD2A57CEBA00466F6E /* Release */ = {
			isa = XCBuildConfiguration;
			buildSettings = {
				ASSETCATALOG_COMPILER_APPICON_NAME = AppIcon;
				ASSETCATALOG_COMPILER_GLOBAL_ACCENT_COLOR_NAME = AccentColor;
				CODE_SIGN_STYLE = Automatic;
				CURRENT_PROJECT_VERSION = 1;
				DEVELOPMENT_TEAM = 7RPFL7EXKD;
				GENERATE_INFOPLIST_FILE = YES;
				INFOPLIST_FILE = TodoList_iOS_RxSwift/Info.plist;
				INFOPLIST_KEY_UIApplicationSupportsIndirectInputEvents = YES;
				INFOPLIST_KEY_UILaunchStoryboardName = LaunchScreen;
				INFOPLIST_KEY_UIMainStoryboardFile = Main;
				INFOPLIST_KEY_UISupportedInterfaceOrientations = UIInterfaceOrientationPortrait;
				LD_RUNPATH_SEARCH_PATHS = (
					"$(inherited)",
					"@executable_path/Frameworks",
				);
				MARKETING_VERSION = 1.0;
				PRODUCT_BUNDLE_IDENTIFIER = "masaharu.dobashi.TodoList-iOS-RxSwift";
				PRODUCT_NAME = "$(TARGET_NAME)";
				SUPPORTED_PLATFORMS = "iphoneos iphonesimulator";
				SUPPORTS_MACCATALYST = NO;
				SUPPORTS_MAC_DESIGNED_FOR_IPHONE_IPAD = NO;
				SWIFT_EMIT_LOC_STRINGS = YES;
				SWIFT_VERSION = 5.0;
				TARGETED_DEVICE_FAMILY = "1,2";
			};
			name = Release;
		};
/* End XCBuildConfiguration section */

/* Begin XCConfigurationList section */
		6D3B5FA22A57CEB900466F6E /* Build configuration list for PBXProject "TodoList_iOS_RxSwift" */ = {
			isa = XCConfigurationList;
			buildConfigurations = (
				6D3B5FB92A57CEBA00466F6E /* Debug */,
				6D3B5FBA2A57CEBA00466F6E /* Release */,
			);
			defaultConfigurationIsVisible = 0;
			defaultConfigurationName = Release;
		};
		6D3B5FBB2A57CEBA00466F6E /* Build configuration list for PBXNativeTarget "TodoList_iOS_RxSwift" */ = {
			isa = XCConfigurationList;
			buildConfigurations = (
				6D3B5FBC2A57CEBA00466F6E /* Debug */,
				6D3B5FBD2A57CEBA00466F6E /* Release */,
			);
			defaultConfigurationIsVisible = 0;
			defaultConfigurationName = Release;
		};
/* End XCConfigurationList section */

/* Begin XCRemoteSwiftPackageReference section */
		6D3B5FBE2A57D39A00466F6E /* XCRemoteSwiftPackageReference "RxSwift" */ = {
			isa = XCRemoteSwiftPackageReference;
			repositoryURL = "https://github.com/ReactiveX/RxSwift";
			requirement = {
				kind = exactVersion;
				version = 6.6.0;
			};
		};
		6D3B5FC32A57D3ED00466F6E /* XCRemoteSwiftPackageReference "realm-swift" */ = {
			isa = XCRemoteSwiftPackageReference;
			repositoryURL = "https://github.com/realm/realm-swift";
			requirement = {
				kind = exactVersion;
				version = 10.41.0;
			};
		};
/* End XCRemoteSwiftPackageReference section */

/* Begin XCSwiftPackageProductDependency section */
		6D3B5FBF2A57D39A00466F6E /* RxCocoa */ = {
			isa = XCSwiftPackageProductDependency;
			package = 6D3B5FBE2A57D39A00466F6E /* XCRemoteSwiftPackageReference "RxSwift" */;
			productName = RxCocoa;
		};
		6D3B5FC12A57D39A00466F6E /* RxSwift */ = {
			isa = XCSwiftPackageProductDependency;
			package = 6D3B5FBE2A57D39A00466F6E /* XCRemoteSwiftPackageReference "RxSwift" */;
			productName = RxSwift;
		};
		6D3B5FC42A57D3ED00466F6E /* Realm */ = {
			isa = XCSwiftPackageProductDependency;
			package = 6D3B5FC32A57D3ED00466F6E /* XCRemoteSwiftPackageReference "realm-swift" */;
			productName = Realm;
		};
		6D3B5FC62A57D3ED00466F6E /* RealmSwift */ = {
			isa = XCSwiftPackageProductDependency;
			package = 6D3B5FC32A57D3ED00466F6E /* XCRemoteSwiftPackageReference "realm-swift" */;
			productName = RealmSwift;
		};
/* End XCSwiftPackageProductDependency section */
	};
	rootObject = 6D3B5F9F2A57CEB900466F6E /* Project object */;
}
